<?xml version="1.0" encoding="utf-8"?>
<Project ToolsVersion="4.0" xmlns="http://schemas.microsoft.com/developer/msbuild/2003">
  <ItemGroup>
    <Filter Include="源文件">
      <UniqueIdentifier>{4FC737F1-C7A5-4376-A066-2A32D752A2FF}</UniqueIdentifier>
      <Extensions>cpp;c;cc;cxx;c++;cppm;ixx;def;odl;idl;hpj;bat;asm;asmx</Extensions>
    </Filter>
    <Filter Include="头文件">
      <UniqueIdentifier>{93995380-89BD-4b04-88EB-625FBE52EBFB}</UniqueIdentifier>
      <Extensions>h;hh;hpp;hxx;h++;hm;inl;inc;ipp;xsd</Extensions>
    </Filter>
    <Filter Include="资源文件">
      <UniqueIdentifier>{67DA6AB6-F800-4c08-8B7A-83BB121AAD01}</UniqueIdentifier>
      <Extensions>rc;ico;cur;bmp;dlg;rc2;rct;bin;rgs;gif;jpg;jpeg;jpe;resx;tiff;tif;png;wav;mfcribbon-ms</Extensions>
    </Filter>
    <Filter Include="头文件\SecurityEngine">
      <UniqueIdentifier>{67465a1e-c7aa-455b-9333-5910475d6674}</UniqueIdentifier>
    </Filter>
    <Filter Include="源文件\SecurityEngine">
      <UniqueIdentifier>{02926fbf-2115-4d5a-b419-d5c0f6a59967}</UniqueIdentifier>
    </Filter>
    <Filter Include="源文件\Utils">
      <UniqueIdentifier>{f4f944d5-de3e-4db8-9c36-459f5af0945b}</UniqueIdentifier>
    </Filter>
    <Filter Include="头文件\Utils">
      <UniqueIdentifier>{a9ab3448-a7a5-4a52-beba-54b6cd8893e5}</UniqueIdentifier>
    </Filter>
  </ItemGroup>
  <ItemGroup>
    <ClInclude Include="BaguetteAV.h">
      <Filter>头文件</Filter>
    </ClInclude>
    <ClInclude Include="BaguetteAVDlg.h">
      <Filter>头文件</Filter>
    </ClInclude>
    <ClInclude Include="framework.h">
      <Filter>头文件</Filter>
    </ClInclude>
    <ClInclude Include="targetver.h">
      <Filter>头文件</Filter>
    </ClInclude>
    <ClInclude Include="Resource.h">
      <Filter>头文件</Filter>
    </ClInclude>
    <ClInclude Include="pch.h">
      <Filter>头文件</Filter>
    </ClInclude>
    <ClInclude Include="ClamAVWrapper.h">
      <Filter>头文件\SecurityEngine</Filter>
    </ClInclude>
    <ClInclude Include="ScanManager.h">
      <Filter>头文件\SecurityEngine</Filter>
    </ClInclude>
    <ClInclude Include="RootkitDetector.h">
      <Filter>头文件\SecurityEngine</Filter>
    </ClInclude>
    <ClInclude Include="SplashDlg.h">
      <Filter>头文件</Filter>
    </ClInclude>
    <ClInclude Include="..\..\..\..\Desktop\vedio\LogHelper.h">
      <Filter>头文件\Utils</Filter>
    </ClInclude>
    <ClInclude Include="..\..\..\..\Desktop\vedio\SystemInfo.h">
      <Filter>头文件\Utils</Filter>
    </ClInclude>
  </ItemGroup>
  <ItemGroup>
    <ClCompile Include="BaguetteAV.cpp">
      <Filter>源文件</Filter>
    </ClCompile>
    <ClCompile Include="BaguetteAVDlg.cpp">
      <Filter>源文件</Filter>
    </ClCompile>
    <ClCompile Include="pch.cpp">
      <Filter>源文件</Filter>
    </ClCompile>
    <ClCompile Include="ClamAVWrapper.cpp">
      <Filter>源文件\SecurityEngine</Filter>
    </ClCompile>
    <ClCompile Include="RootkitDetector.cpp">
      <Filter>源文件\SecurityEngine</Filter>
    </ClCompile>
    <ClCompile Include="ScanManager.cpp">
      <Filter>源文件\SecurityEngine</Filter>
    </ClCompile>
    <ClCompile Include="SplashDlg.cpp">
      <Filter>源文件</Filter>
    </ClCompile>
    <ClCompile Include="..\..\..\..\Desktop\vedio\SystemInfo.cpp">
      <Filter>源文件\Utils</Filter>
    </ClCompile>
    <ClCompile Include="..\..\..\..\Desktop\vedio\LogHelper.cpp">
      <Filter>源文件\Utils</Filter>
    </ClCompile>
  </ItemGroup>
  <ItemGroup>
    <ResourceCompile Include="BaguetteAV.rc">
      <Filter>资源文件</Filter>
    </ResourceCompile>
  </ItemGroup>
  <ItemGroup>
    <None Include="res\BaguetteAV.rc2">
      <Filter>资源文件</Filter>
    </None>
  </ItemGroup>
  <ItemGroup>
    <Image Include="res\BaguetteAV.ico">
      <Filter>资源文件</Filter>
    </Image>
  </ItemGroup>
</Project>